
Microsoft Visual Studio Solution File, Format Version 12.00
# Visual Studio Version 16
VisualStudioVersion = 16.0.29418.71
MinimumVisualStudioVersion = 10.0.40219.1
Project("{9A19103F-16F7-4668-BE54-9A1E7A4F7556}") = "GameEngine.Core", "GameEngine.Core\GameEngine.Core.csproj", "{DF59BE85-8CBE-40FF-B614-9C92C0119DC1}"
EndProject
Project("{2150E333-8FDC-42A3-9474-1A3956D46DE8}") = "Solution Items", "Solution Items", "{1236DE87-0E63-4CDE-96EA-85FDF098FAE8}"
	ProjectSection(SolutionItems) = preProject
		.editorconfig = .editorconfig
		.gitignore = .gitignore
		README.md = README.md
		Directory.Build.props = Directory.Build.props
		Directory.Packages.props = Directory.Packages.props
	EndProjectSection
EndProject
Project("{9A19103F-16F7-4668-BE54-9A1E7A4F7556}") = "GameEngine.Game", "GameEngine.Game\GameEngine.Game.csproj", "{953A5BDA-599A-4B9B-B7C1-D9AE2A5D34DB}"
EndProject
Global
	GlobalSection(SolutionConfigurationPlatforms) = preSolution
		Debug|Any CPU = Debug|Any CPU
		Release|Any CPU = Release|Any CPU
	EndGlobalSection
	GlobalSection(ProjectConfigurationPlatforms) = postSolution
		{DF59BE85-8CBE-40FF-B614-9C92C0119DC1}.Debug|Any CPU.ActiveCfg = Debug|Any CPU
		{DF59BE85-8CBE-40FF-B614-9C92C0119DC1}.Debug|Any CPU.Build.0 = Debug|Any CPU
		{DF59BE85-8CBE-40FF-B614-9C92C0119DC1}.Release|Any CPU.ActiveCfg = Release|Any CPU
		{DF59BE85-8CBE-40FF-B614-9C92C0119DC1}.Release|Any CPU.Build.0 = Release|Any CPU
		{953A5BDA-599A-4B9B-B7C1-D9AE2A5D34DB}.Debug|Any CPU.ActiveCfg = Debug|Any CPU
		{953A5BDA-599A-4B9B-B7C1-D9AE2A5D34DB}.Debug|Any CPU.Build.0 = Debug|Any CPU
		{953A5BDA-599A-4B9B-B7C1-D9AE2A5D34DB}.Release|Any CPU.ActiveCfg = Release|Any CPU
		{953A5BDA-599A-4B9B-B7C1-D9AE2A5D34DB}.Release|Any CPU.Build.0 = Release|Any CPU
	EndGlobalSection
	GlobalSection(SolutionProperties) = preSolution
		HideSolutionNode = FALSE
	EndGlobalSection
	GlobalSection(ExtensibilityGlobals) = postSolution
		SolutionGuid = {A9024504-8745-4856-BF55-FCF20A208712}
	EndGlobalSection
EndGlobal
